lockfile_version: '1'
apm_version: 0.30.0
dependencies:
- repo_url: anthropics/skills
  name: mcp-builder
  host: github.com
  resolved_commit: 34040c9c568585f6929bedeaad110ad08f079624
  resolved_ref: 34040c9c568585f6929bedeaad110ad08f079624
  version: unknown
  virtual_path: skills/mcp-builder
  is_virtual: true
  package_type: claude_skill
  content_hash: sha256:09dbc5304106f99933581f90b5181657a3f1981c7adddf1880fb8eaf2e357378
- repo_url: anthropics/skills
  name: skill-creator
  host: github.com
  resolved_commit: 34040c9c568585f6929bedeaad110ad08f079624
  resolved_ref: 34040c9c568585f6929bedeaad110ad08f079624
  version: unknown
  virtual_path: skills/skill-creator
  is_virtual: true
  package_type: claude_skill
  content_hash: sha256:b2bfe91d69ca99994c0566baede889e7d2b9bb8791c6b6106c5d387392f717f6
- repo_url: cursor/plugins
  name: principle-type-system-discipline
  host: github.com
  resolved_commit: 93b00b89ef425a9c1bac0d0b317dfc49c930ac99
  resolved_ref: 93b00b89ef425a9c1bac0d0b317dfc49c930ac99
  version: unknown
  virtual_path: pstack/skills/principle-type-system-discipline
  is_virtual: true
  package_type: claude_skill
  content_hash: sha256:092d40b72a904d0a111acde944639e24c8fe1f912455d9c4b94295b9d07709ec
- repo_url: cursor/plugins
  name: typescript-best-practices
  host: github.com
  resolved_commit: 93b00b89ef425a9c1bac0d0b317dfc49c930ac99
  resolved_ref: 93b00b89ef425a9c1bac0d0b317dfc49c930ac99
  version: unknown
  virtual_path: pstack/skills/typescript-best-practices
  is_virtual: true
  package_type: claude_skill
  content_hash: sha256:0db432842e1653fa2efbfdc47dfe51929d3cfc0079279930605c9e061791fae8
- repo_url: jetbrains/go-modern-guidelines
  materialization_repo_url: JetBrains/go-modern-guidelines
  name: use-modern-go
  host: github.com
  resolved_commit: 91a30b36f05bb6424bd77e9817811c0e9c003aa2
  resolved_ref: 91a30b36f05bb6424bd77e9817811c0e9c003aa2
  version: unknown
  virtual_path: plugin/skills/use-modern-go
  is_virtual: true
  package_type: claude_skill
  content_hash: sha256:9e514c17fc029a02870ff7d3a8157368d617bd2d43eb869e4b70d487ceab43cd
- repo_url: openai/skills
  name: gh-address-comments
  host: github.com
  resolved_commit: 49f948faa9258a0c61caceaf225e179651397431
  resolved_ref: 49f948faa9258a0c61caceaf225e179651397431
  version: unknown
  virtual_path: skills/.curated/gh-address-comments
  is_virtual: true
  package_type: claude_skill
  content_hash: sha256:068d34fb59cb97a39aea3de1708877b6a01210d02fa7eda5e74fc8277ed52916
- repo_url: openai/skills
  name: gh-fix-ci
  host: github.com
  resolved_commit: 49f948faa9258a0c61caceaf225e179651397431
  resolved_ref: 49f948faa9258a0c61caceaf225e179651397431
  version: unknown
  virtual_path: skills/.curated/gh-fix-ci
  is_virtual: true
  package_type: claude_skill
  content_hash: sha256:02b4d97e4bd91e342e3ec3efa06b7871097d6a64e8398f4ed5b69c64d8d902fb
- repo_url: openai/skills
  name: security-best-practices
  host: github.com
  resolved_commit: 49f948faa9258a0c61caceaf225e179651397431
  resolved_ref: 49f948faa9258a0c61caceaf225e179651397431
  version: unknown
  virtual_path: skills/.curated/security-best-practices
  is_virtual: true
  package_type: claude_skill
  content_hash: sha256:7bd6c2cc8083d90f5d5489c80887ed5399e167d3e7323c7f294035e1e586b689
- repo_url: openai/skills
  name: notion-research-documentation
  host: github.com
  resolved_commit: 49f948faa9258a0c61caceaf225e179651397431
  resolved_ref: 49f948faa9258a0c61caceaf225e179651397431
  version: unknown
  virtual_path: skills/.curated/notion-research-documentation
  is_virtual: true
  package_type: claude_skill
  content_hash: sha256:b462225ca15173b614f2f747cb5a623c7ce1acdc6053812ce7968020106ab372
- repo_url: vercel-labs/agent-skills
  name: vercel-composition-patterns
  host: github.com
  resolved_commit: 063bee94c3f4df8453406c830b0a7df0f2860278
  resolved_ref: 063bee94c3f4df8453406c830b0a7df0f2860278
  version: unknown
  virtual_path: skills/composition-patterns
  is_virtual: true
  package_type: claude_skill
  content_hash: sha256:5b3564ca435f4714d5e65023351e1999e4744818603a9cfb6a6f6a61b7d84918
- repo_url: vercel-labs/agent-skills
  name: vercel-react-best-practices
  host: github.com
  resolved_commit: 063bee94c3f4df8453406c830b0a7df0f2860278
  resolved_ref: 063bee94c3f4df8453406c830b0a7df0f2860278
  version: unknown
  virtual_path: skills/react-best-practices
  is_virtual: true
  package_type: claude_skill
  content_hash: sha256:74f142d28d360d78e8bac4f239a84c87f0ced9015729bc72b5458d82ff45b015
- repo_url: vercel-labs/agent-skills
  name: web-design-guidelines
  host: github.com
  resolved_commit: 063bee94c3f4df8453406c830b0a7df0f2860278
  resolved_ref: 063bee94c3f4df8453406c830b0a7df0f2860278
  version: unknown
  virtual_path: skills/web-design-guidelines
  is_virtual: true
  package_type: claude_skill
  content_hash: sha256:a6a44d5498f7e8f68289902f3dedfc6f38ae0cee1e96527c80724cf27f727c2a
- repo_url: vercel-labs/skills
  name: find-skills
  host: github.com
  resolved_commit: 435076e78988e1e6ec40d00b0b1d76bdbbc5419a
  resolved_ref: 435076e78988e1e6ec40d00b0b1d76bdbbc5419a
  version: unknown
  virtual_path: skills/find-skills
  is_virtual: true
  package_type: claude_skill
  content_hash: sha256:913b9d37d0d54047dd65222bb8c67b2bf04e3cb87dcad1729068d7a8b2c8c396
deployments: []
