lockfile_version: '1'
generated_at: '2026-09-07T10:23:33.047771+00:00'
apm_version: 0.29.0
dependencies:
- repo_url: cursor/plugins
  name: principle-type-system-discipline
  host: github.com
  resolved_commit: 93b00b89ef425a9c1bac0d0b317dfc49c930ac99
  resolved_ref: 93b00b89ef425a9c1bac0d0b317dfc49c930ac99
  version: unknown
  virtual_path: pstack/skills/principle-type-system-discipline
  is_virtual: true
  package_type: claude_skill
  content_hash: sha256:092d40b72a904d0a111acde944639e24c8fe1f912455d9c4b94295b9d07709ec
- repo_url: cursor/plugins
  name: typescript-best-practices
  host: github.com
  resolved_commit: 93b00b89ef425a9c1bac0d0b317dfc49c930ac99
  resolved_ref: 93b00b89ef425a9c1bac0d0b317dfc49c930ac99
  version: unknown
  virtual_path: pstack/skills/typescript-best-practices
  is_virtual: true
  package_type: claude_skill
  content_hash: sha256:0db432842e1653fa2efbfdc47dfe51929d3cfc0079279930605c9e061791fae8
- repo_url: jetbrains/go-modern-guidelines
  materialization_repo_url: JetBrains/go-modern-guidelines
  name: use-modern-go
  host: github.com
  resolved_commit: 91a30b36f05bb6424bd77e9817811c0e9c003aa2
  resolved_ref: 91a30b36f05bb6424bd77e9817811c0e9c003aa2
  version: unknown
  virtual_path: plugin/skills/use-modern-go
  is_virtual: true
  package_type: claude_skill
  content_hash: sha256:9e514c17fc029a02870ff7d3a8157368d617bd2d43eb869e4b70d487ceab43cd
- repo_url: vercel-labs/agent-skills
  name: vercel-react-best-practices
  host: github.com
  resolved_commit: 063bee94c3f4df8453406c830b0a7df0f2860278
  resolved_ref: 063bee94c3f4df8453406c830b0a7df0f2860278
  version: unknown
  virtual_path: skills/react-best-practices
  is_virtual: true
  package_type: claude_skill
  content_hash: sha256:74f142d28d360d78e8bac4f239a84c87f0ced9015729bc72b5458d82ff45b015
- repo_url: vercel-labs/skills
  name: find-skills
  host: github.com
  resolved_commit: 435076e78988e1e6ec40d00b0b1d76bdbbc5419a
  resolved_ref: 435076e78988e1e6ec40d00b0b1d76bdbbc5419a
  version: unknown
  virtual_path: skills/find-skills
  is_virtual: true
  package_type: claude_skill
  content_hash: sha256:913b9d37d0d54047dd65222bb8c67b2bf04e3cb87dcad1729068d7a8b2c8c396
deployments: []
